
Microsoft Visual Studio Solution File, Format Version 12.00
# Visual Studio 15
Project("{FAE04EC0-301F-11D3-BF4B-00C04F79EFBC}") = "Oculus.Platform", "Oculus.Platform.csproj", "{E5769B72-0E76-4DDF-9CF3-51BBDAF20FC2}"
EndProject
Project("{FAE04EC0-301F-11D3-BF4B-00C04F79EFBC}") = "Meta.WitAi.Lib", "Meta.WitAi.Lib.csproj", "{23969F66-413C-2D66-4103-E3016B67967D}"
EndProject
Project("{FAE04EC0-301F-11D3-BF4B-00C04F79EFBC}") = "Assembly-CSharp", "Assembly-CSharp.csproj", "{94423D5B-A4F6-E9C1-BBDE-9FC1F365424C}"
EndProject
Project("{FAE04EC0-301F-11D3-BF4B-00C04F79EFBC}") = "Oculus.Spatializer", "Oculus.Spatializer.csproj", "{E81BB47A-64B4-D5D9-C733-19692CBE537C}"
EndProject
Project("{FAE04EC0-301F-11D3-BF4B-00C04F79EFBC}") = "Meta.WitAi", "Meta.WitAi.csproj", "{BD3062C0-D381-EA4F-9DBD-DE5D96307681}"
EndProject
Project("{FAE04EC0-301F-11D3-BF4B-00C04F79EFBC}") = "Oculus.Interaction", "Oculus.Interaction.csproj", "{96B0CA36-DC8B-B87B-F00C-027BFCACA171}"
EndProject
Project("{FAE04EC0-301F-11D3-BF4B-00C04F79EFBC}") = "Facebook.Wit.Dictation", "Facebook.Wit.Dictation.csproj", "{1D6642F1-AC3A-BB7F-EC5B-0349D863FB2A}"
EndProject
Project("{FAE04EC0-301F-11D3-BF4B-00C04F79EFBC}") = "Oculus.Interaction.OVR.Samples", "Oculus.Interaction.OVR.Samples.csproj", "{6B2BB4A4-0DBE-9BFD-5B5A-09C915C2AAEA}"
EndProject
Project("{FAE04EC0-301F-11D3-BF4B-00C04F79EFBC}") = "Oculus.AudioManager", "Oculus.AudioManager.csproj", "{BDD8CAEF-1C94-D1B2-7C68-6D3C0E12E22E}"
EndProject
Project("{FAE04EC0-301F-11D3-BF4B-00C04F79EFBC}") = "Oculus.VR", "Oculus.VR.csproj", "{46405874-CAEC-848C-CD69-84EA5D1C6A9C}"
EndProject
Project("{FAE04EC0-301F-11D3-BF4B-00C04F79EFBC}") = "VoiceSDK.Runtime", "VoiceSDK.Runtime.csproj", "{46F9F355-4B3A-172D-5761-EAD4CB5396DA}"
EndProject
Project("{FAE04EC0-301F-11D3-BF4B-00C04F79EFBC}") = "VoiceSDK.Dictation.Runtime", "VoiceSDK.Dictation.Runtime.csproj", "{131905B5-3E54-51F1-BD7E-47199D7CF05B}"
EndProject
Project("{FAE04EC0-301F-11D3-BF4B-00C04F79EFBC}") = "Meta.WitAi.TTS", "Meta.WitAi.TTS.csproj", "{98D4F59C-F45A-B35C-4890-C6AC37F6A63D}"
EndProject
Project("{FAE04EC0-301F-11D3-BF4B-00C04F79EFBC}") = "Oculus.Voice.Demo", "Oculus.Voice.Demo.csproj", "{9154843F-CE96-C48E-088A-889F1DD1F378}"
EndProject
Project("{FAE04EC0-301F-11D3-BF4B-00C04F79EFBC}") = "Oculus.Interaction.OVR", "Oculus.Interaction.OVR.csproj", "{56C794C8-722A-29F7-4600-8F7CAAE3EF47}"
EndProject
Project("{FAE04EC0-301F-11D3-BF4B-00C04F79EFBC}") = "Meta.WitAi.TTS.Samples", "Meta.WitAi.TTS.Samples.csproj", "{21E32803-925F-E986-27C3-4B7FE6FC9EED}"
EndProject
Project("{FAE04EC0-301F-11D3-BF4B-00C04F79EFBC}") = "AssistantCoreSDKRuntime", "AssistantCoreSDKRuntime.csproj", "{F13075BC-C2FA-E075-C1A6-45866EBF8A88}"
EndProject
Project("{FAE04EC0-301F-11D3-BF4B-00C04F79EFBC}") = "Meta.WitAi.Conduit", "Meta.WitAi.Conduit.csproj", "{1C37EBE7-106F-F5A6-6CE3-F38C78F9184B}"
EndProject
Project("{FAE04EC0-301F-11D3-BF4B-00C04F79EFBC}") = "Oculus.LipSync", "Oculus.LipSync.csproj", "{3B6A9ACA-A845-D1FF-5CBA-0DB0309B2FBD}"
EndProject
Project("{FAE04EC0-301F-11D3-BF4B-00C04F79EFBC}") = "Meta.VoiceSDK.Mic.Common", "Meta.VoiceSDK.Mic.Common.csproj", "{1AFC8C00-20DF-6ECF-A995-0BE7D571BA02}"
EndProject
Project("{FAE04EC0-301F-11D3-BF4B-00C04F79EFBC}") = "Meta.VoiceSDK.Mic.Other", "Meta.VoiceSDK.Mic.Other.csproj", "{4B4C27D6-4DD2-6E8B-8604-2AC45DF08064}"
EndProject
Project("{FAE04EC0-301F-11D3-BF4B-00C04F79EFBC}") = "Meta.VoiceSDK.Mic.WebGL", "Meta.VoiceSDK.Mic.WebGL.csproj", "{3DEA2D89-1570-1FCA-4EF9-0785F52D3B0A}"
EndProject
Project("{FAE04EC0-301F-11D3-BF4B-00C04F79EFBC}") = "Oculus.Platform.Editor", "Oculus.Platform.Editor.csproj", "{8C682355-B177-62CB-01A0-942554F520B5}"
EndProject
Project("{FAE04EC0-301F-11D3-BF4B-00C04F79EFBC}") = "Meta.WitAi.Editor", "Meta.WitAi.Editor.csproj", "{9B13647C-AD69-21C6-8494-DCB5D1893060}"
EndProject
Project("{FAE04EC0-301F-11D3-BF4B-00C04F79EFBC}") = "Meta.WitAi.Conduit.Editor", "Meta.WitAi.Conduit.Editor.csproj", "{8D2F56C9-B4F6-CE37-EA77-FE44C760E50E}"
EndProject
Project("{FAE04EC0-301F-11D3-BF4B-00C04F79EFBC}") = "Oculus.AudioManager.Audio.Editor", "Oculus.AudioManager.Audio.Editor.csproj", "{E8D109CA-70EE-1BFA-02CC-8402C04A0259}"
EndProject
Project("{FAE04EC0-301F-11D3-BF4B-00C04F79EFBC}") = "Oculus.Interaction.Editor", "Oculus.Interaction.Editor.csproj", "{A0F012B3-8865-904F-A039-18213125A068}"
EndProject
Project("{FAE04EC0-301F-11D3-BF4B-00C04F79EFBC}") = "Oculus.VR.Editor", "Oculus.VR.Editor.csproj", "{5F5AF4F6-5FB4-02AD-2811-6F760FD56D6D}"
EndProject
Project("{FAE04EC0-301F-11D3-BF4B-00C04F79EFBC}") = "Meta.WitAI.Lib.Editor", "Meta.WitAI.Lib.Editor.csproj", "{8FCEC49E-A981-7333-795B-4F11964F53C3}"
EndProject
Project("{FAE04EC0-301F-11D3-BF4B-00C04F79EFBC}") = "Oculus.VR.Scripts.Editor", "Oculus.VR.Scripts.Editor.csproj", "{FE2178E8-D48E-1251-60EB-24294A52489F}"
EndProject
Project("{FAE04EC0-301F-11D3-BF4B-00C04F79EFBC}") = "Oculus.LipSync.Editor", "Oculus.LipSync.Editor.csproj", "{9400DB13-0209-E207-AC60-9D8F085D863C}"
EndProject
Project("{FAE04EC0-301F-11D3-BF4B-00C04F79EFBC}") = "Oculus.Interaction.InterfaceSupport", "Oculus.Interaction.InterfaceSupport.csproj", "{8B0FD102-F910-0113-5DC8-C4BAAB142522}"
EndProject
Project("{FAE04EC0-301F-11D3-BF4B-00C04F79EFBC}") = "Oculus.Interaction.OVR.Editor", "Oculus.Interaction.OVR.Editor.csproj", "{06739749-BD58-119E-7DF4-2274F2BCC9E9}"
EndProject
Project("{FAE04EC0-301F-11D3-BF4B-00C04F79EFBC}") = "Assembly-CSharp-Editor", "Assembly-CSharp-Editor.csproj", "{5B5ED2B7-D7CE-0CC2-42F3-184D12411FE0}"
EndProject
Project("{FAE04EC0-301F-11D3-BF4B-00C04F79EFBC}") = "Oculus.Interaction.Samples.Editor", "Oculus.Interaction.Samples.Editor.csproj", "{51783694-725D-8DD1-F96B-1AE265ADD9AE}"
EndProject
Project("{FAE04EC0-301F-11D3-BF4B-00C04F79EFBC}") = "VoiceSDK.Editor", "VoiceSDK.Editor.csproj", "{8E3A4055-2CC8-D3D5-BF9A-0B934318D616}"
EndProject
Project("{FAE04EC0-301F-11D3-BF4B-00C04F79EFBC}") = "AssistantCoreSDKEditor", "AssistantCoreSDKEditor.csproj", "{37768270-9E83-AEEC-FE05-05D3352D71B3}"
EndProject
Project("{FAE04EC0-301F-11D3-BF4B-00C04F79EFBC}") = "Oculus.Spatializer.Editor", "Oculus.Spatializer.Editor.csproj", "{DAE343F3-8924-E404-A7A3-6EB5321D8072}"
EndProject
Project("{FAE04EC0-301F-11D3-BF4B-00C04F79EFBC}") = "Meta.WitAi.TTS.Editor", "Meta.WitAi.TTS.Editor.csproj", "{9FABA635-8199-5111-5605-E3A3C389E77D}"
EndProject
Project("{FAE04EC0-301F-11D3-BF4B-00C04F79EFBC}") = "Facebook.Wit.Dictation.Editor", "Facebook.Wit.Dictation.Editor.csproj", "{100E5F40-D87C-11C4-C75B-4A503BF15E62}"
EndProject
Project("{FAE04EC0-301F-11D3-BF4B-00C04F79EFBC}") = "VoiceSDK.Dictation.Editor", "VoiceSDK.Dictation.Editor.csproj", "{5B0F8797-3FE6-D668-1B1D-92B9F3DF3218}"
EndProject
Project("{FAE04EC0-301F-11D3-BF4B-00C04F79EFBC}") = "Oculus.AudioManager.Utils.Editor", "Oculus.AudioManager.Utils.Editor.csproj", "{B6587FDC-544C-32BB-7530-CE03A2334EF6}"
EndProject
Global
	GlobalSection(SolutionConfigurationPlatforms) = preSolution
		Debug|Any CPU = Debug|Any CPU
		Release|Any CPU = Release|Any CPU
	EndGlobalSection
	GlobalSection(ProjectConfigurationPlatforms) = postSolution
		{E5769B72-0E76-4DDF-9CF3-51BBDAF20FC2}.Debug|Any CPU.ActiveCfg = Debug|Any CPU
		{E5769B72-0E76-4DDF-9CF3-51BBDAF20FC2}.Debug|Any CPU.Build.0 = Debug|Any CPU
		{E5769B72-0E76-4DDF-9CF3-51BBDAF20FC2}.Release|Any CPU.ActiveCfg = Release|Any CPU
		{E5769B72-0E76-4DDF-9CF3-51BBDAF20FC2}.Release|Any CPU.Build.0 = Release|Any CPU
		{23969F66-413C-2D66-4103-E3016B67967D}.Debug|Any CPU.ActiveCfg = Debug|Any CPU
		{23969F66-413C-2D66-4103-E3016B67967D}.Debug|Any CPU.Build.0 = Debug|Any CPU
		{23969F66-413C-2D66-4103-E3016B67967D}.Release|Any CPU.ActiveCfg = Release|Any CPU
		{23969F66-413C-2D66-4103-E3016B67967D}.Release|Any CPU.Build.0 = Release|Any CPU
		{94423D5B-A4F6-E9C1-BBDE-9FC1F365424C}.Debug|Any CPU.ActiveCfg = Debug|Any CPU
		{94423D5B-A4F6-E9C1-BBDE-9FC1F365424C}.Debug|Any CPU.Build.0 = Debug|Any CPU
		{94423D5B-A4F6-E9C1-BBDE-9FC1F365424C}.Release|Any CPU.ActiveCfg = Release|Any CPU
		{94423D5B-A4F6-E9C1-BBDE-9FC1F365424C}.Release|Any CPU.Build.0 = Release|Any CPU
		{E81BB47A-64B4-D5D9-C733-19692CBE537C}.Debug|Any CPU.ActiveCfg = Debug|Any CPU
		{E81BB47A-64B4-D5D9-C733-19692CBE537C}.Debug|Any CPU.Build.0 = Debug|Any CPU
		{E81BB47A-64B4-D5D9-C733-19692CBE537C}.Release|Any CPU.ActiveCfg = Release|Any CPU
		{E81BB47A-64B4-D5D9-C733-19692CBE537C}.Release|Any CPU.Build.0 = Release|Any CPU
		{BD3062C0-D381-EA4F-9DBD-DE5D96307681}.Debug|Any CPU.ActiveCfg = Debug|Any CPU
		{BD3062C0-D381-EA4F-9DBD-DE5D96307681}.Debug|Any CPU.Build.0 = Debug|Any CPU
		{BD3062C0-D381-EA4F-9DBD-DE5D96307681}.Release|Any CPU.ActiveCfg = Release|Any CPU
		{BD3062C0-D381-EA4F-9DBD-DE5D96307681}.Release|Any CPU.Build.0 = Release|Any CPU
		{96B0CA36-DC8B-B87B-F00C-027BFCACA171}.Debug|Any CPU.ActiveCfg = Debug|Any CPU
		{96B0CA36-DC8B-B87B-F00C-027BFCACA171}.Debug|Any CPU.Build.0 = Debug|Any CPU
		{96B0CA36-DC8B-B87B-F00C-027BFCACA171}.Release|Any CPU.ActiveCfg = Release|Any CPU
		{96B0CA36-DC8B-B87B-F00C-027BFCACA171}.Release|Any CPU.Build.0 = Release|Any CPU
		{1D6642F1-AC3A-BB7F-EC5B-0349D863FB2A}.Debug|Any CPU.ActiveCfg = Debug|Any CPU
		{1D6642F1-AC3A-BB7F-EC5B-0349D863FB2A}.Debug|Any CPU.Build.0 = Debug|Any CPU
		{1D6642F1-AC3A-BB7F-EC5B-0349D863FB2A}.Release|Any CPU.ActiveCfg = Release|Any CPU
		{1D6642F1-AC3A-BB7F-EC5B-0349D863FB2A}.Release|Any CPU.Build.0 = Release|Any CPU
		{6B2BB4A4-0DBE-9BFD-5B5A-09C915C2AAEA}.Debug|Any CPU.ActiveCfg = Debug|Any CPU
		{6B2BB4A4-0DBE-9BFD-5B5A-09C915C2AAEA}.Debug|Any CPU.Build.0 = Debug|Any CPU
		{6B2BB4A4-0DBE-9BFD-5B5A-09C915C2AAEA}.Release|Any CPU.ActiveCfg = Release|Any CPU
		{6B2BB4A4-0DBE-9BFD-5B5A-09C915C2AAEA}.Release|Any CPU.Build.0 = Release|Any CPU
		{BDD8CAEF-1C94-D1B2-7C68-6D3C0E12E22E}.Debug|Any CPU.ActiveCfg = Debug|Any CPU
		{BDD8CAEF-1C94-D1B2-7C68-6D3C0E12E22E}.Debug|Any CPU.Build.0 = Debug|Any CPU
		{BDD8CAEF-1C94-D1B2-7C68-6D3C0E12E22E}.Release|Any CPU.ActiveCfg = Release|Any CPU
		{BDD8CAEF-1C94-D1B2-7C68-6D3C0E12E22E}.Release|Any CPU.Build.0 = Release|Any CPU
		{46405874-CAEC-848C-CD69-84EA5D1C6A9C}.Debug|Any CPU.ActiveCfg = Debug|Any CPU
		{46405874-CAEC-848C-CD69-84EA5D1C6A9C}.Debug|Any CPU.Build.0 = Debug|Any CPU
		{46405874-CAEC-848C-CD69-84EA5D1C6A9C}.Release|Any CPU.ActiveCfg = Release|Any CPU
		{46405874-CAEC-848C-CD69-84EA5D1C6A9C}.Release|Any CPU.Build.0 = Release|Any CPU
		{46F9F355-4B3A-172D-5761-EAD4CB5396DA}.Debug|Any CPU.ActiveCfg = Debug|Any CPU
		{46F9F355-4B3A-172D-5761-EAD4CB5396DA}.Debug|Any CPU.Build.0 = Debug|Any CPU
		{46F9F355-4B3A-172D-5761-EAD4CB5396DA}.Release|Any CPU.ActiveCfg = Release|Any CPU
		{46F9F355-4B3A-172D-5761-EAD4CB5396DA}.Release|Any CPU.Build.0 = Release|Any CPU
		{131905B5-3E54-51F1-BD7E-47199D7CF05B}.Debug|Any CPU.ActiveCfg = Debug|Any CPU
		{131905B5-3E54-51F1-BD7E-47199D7CF05B}.Debug|Any CPU.Build.0 = Debug|Any CPU
		{131905B5-3E54-51F1-BD7E-47199D7CF05B}.Release|Any CPU.ActiveCfg = Release|Any CPU
		{131905B5-3E54-51F1-BD7E-47199D7CF05B}.Release|Any CPU.Build.0 = Release|Any CPU
		{98D4F59C-F45A-B35C-4890-C6AC37F6A63D}.Debug|Any CPU.ActiveCfg = Debug|Any CPU
		{98D4F59C-F45A-B35C-4890-C6AC37F6A63D}.Debug|Any CPU.Build.0 = Debug|Any CPU
		{98D4F59C-F45A-B35C-4890-C6AC37F6A63D}.Release|Any CPU.ActiveCfg = Release|Any CPU
		{98D4F59C-F45A-B35C-4890-C6AC37F6A63D}.Release|Any CPU.Build.0 = Release|Any CPU
		{9154843F-CE96-C48E-088A-889F1DD1F378}.Debug|Any CPU.ActiveCfg = Debug|Any CPU
		{9154843F-CE96-C48E-088A-889F1DD1F378}.Debug|Any CPU.Build.0 = Debug|Any CPU
		{9154843F-CE96-C48E-088A-889F1DD1F378}.Release|Any CPU.ActiveCfg = Release|Any CPU
		{9154843F-CE96-C48E-088A-889F1DD1F378}.Release|Any CPU.Build.0 = Release|Any CPU
		{56C794C8-722A-29F7-4600-8F7CAAE3EF47}.Debug|Any CPU.ActiveCfg = Debug|Any CPU
		{56C794C8-722A-29F7-4600-8F7CAAE3EF47}.Debug|Any CPU.Build.0 = Debug|Any CPU
		{56C794C8-722A-29F7-4600-8F7CAAE3EF47}.Release|Any CPU.ActiveCfg = Release|Any CPU
		{56C794C8-722A-29F7-4600-8F7CAAE3EF47}.Release|Any CPU.Build.0 = Release|Any CPU
		{21E32803-925F-E986-27C3-4B7FE6FC9EED}.Debug|Any CPU.ActiveCfg = Debug|Any CPU
		{21E32803-925F-E986-27C3-4B7FE6FC9EED}.Debug|Any CPU.Build.0 = Debug|Any CPU
		{21E32803-925F-E986-27C3-4B7FE6FC9EED}.Release|Any CPU.ActiveCfg = Release|Any CPU
		{21E32803-925F-E986-27C3-4B7FE6FC9EED}.Release|Any CPU.Build.0 = Release|Any CPU
		{F13075BC-C2FA-E075-C1A6-45866EBF8A88}.Debug|Any CPU.ActiveCfg = Debug|Any CPU
		{F13075BC-C2FA-E075-C1A6-45866EBF8A88}.Debug|Any CPU.Build.0 = Debug|Any CPU
		{F13075BC-C2FA-E075-C1A6-45866EBF8A88}.Release|Any CPU.ActiveCfg = Release|Any CPU
		{F13075BC-C2FA-E075-C1A6-45866EBF8A88}.Release|Any CPU.Build.0 = Release|Any CPU
		{1C37EBE7-106F-F5A6-6CE3-F38C78F9184B}.Debug|Any CPU.ActiveCfg = Debug|Any CPU
		{1C37EBE7-106F-F5A6-6CE3-F38C78F9184B}.Debug|Any CPU.Build.0 = Debug|Any CPU
		{1C37EBE7-106F-F5A6-6CE3-F38C78F9184B}.Release|Any CPU.ActiveCfg = Release|Any CPU
		{1C37EBE7-106F-F5A6-6CE3-F38C78F9184B}.Release|Any CPU.Build.0 = Release|Any CPU
		{3B6A9ACA-A845-D1FF-5CBA-0DB0309B2FBD}.Debug|Any CPU.ActiveCfg = Debug|Any CPU
		{3B6A9ACA-A845-D1FF-5CBA-0DB0309B2FBD}.Debug|Any CPU.Build.0 = Debug|Any CPU
		{3B6A9ACA-A845-D1FF-5CBA-0DB0309B2FBD}.Release|Any CPU.ActiveCfg = Release|Any CPU
		{3B6A9ACA-A845-D1FF-5CBA-0DB0309B2FBD}.Release|Any CPU.Build.0 = Release|Any CPU
		{1AFC8C00-20DF-6ECF-A995-0BE7D571BA02}.Debug|Any CPU.ActiveCfg = Debug|Any CPU
		{1AFC8C00-20DF-6ECF-A995-0BE7D571BA02}.Debug|Any CPU.Build.0 = Debug|Any CPU
		{1AFC8C00-20DF-6ECF-A995-0BE7D571BA02}.Release|Any CPU.ActiveCfg = Release|Any CPU
		{1AFC8C00-20DF-6ECF-A995-0BE7D571BA02}.Release|Any CPU.Build.0 = Release|Any CPU
		{4B4C27D6-4DD2-6E8B-8604-2AC45DF08064}.Debug|Any CPU.ActiveCfg = Debug|Any CPU
		{4B4C27D6-4DD2-6E8B-8604-2AC45DF08064}.Debug|Any CPU.Build.0 = Debug|Any CPU
		{4B4C27D6-4DD2-6E8B-8604-2AC45DF08064}.Release|Any CPU.ActiveCfg = Release|Any CPU
		{4B4C27D6-4DD2-6E8B-8604-2AC45DF08064}.Release|Any CPU.Build.0 = Release|Any CPU
		{3DEA2D89-1570-1FCA-4EF9-0785F52D3B0A}.Debug|Any CPU.ActiveCfg = Debug|Any CPU
		{3DEA2D89-1570-1FCA-4EF9-0785F52D3B0A}.Debug|Any CPU.Build.0 = Debug|Any CPU
		{3DEA2D89-1570-1FCA-4EF9-0785F52D3B0A}.Release|Any CPU.ActiveCfg = Release|Any CPU
		{3DEA2D89-1570-1FCA-4EF9-0785F52D3B0A}.Release|Any CPU.Build.0 = Release|Any CPU
		{8C682355-B177-62CB-01A0-942554F520B5}.Debug|Any CPU.ActiveCfg = Debug|Any CPU
		{8C682355-B177-62CB-01A0-942554F520B5}.Debug|Any CPU.Build.0 = Debug|Any CPU
		{8C682355-B177-62CB-01A0-942554F520B5}.Release|Any CPU.ActiveCfg = Release|Any CPU
		{8C682355-B177-62CB-01A0-942554F520B5}.Release|Any CPU.Build.0 = Release|Any CPU
		{9B13647C-AD69-21C6-8494-DCB5D1893060}.Debug|Any CPU.ActiveCfg = Debug|Any CPU
		{9B13647C-AD69-21C6-8494-DCB5D1893060}.Debug|Any CPU.Build.0 = Debug|Any CPU
		{9B13647C-AD69-21C6-8494-DCB5D1893060}.Release|Any CPU.ActiveCfg = Release|Any CPU
		{9B13647C-AD69-21C6-8494-DCB5D1893060}.Release|Any CPU.Build.0 = Release|Any CPU
		{8D2F56C9-B4F6-CE37-EA77-FE44C760E50E}.Debug|Any CPU.ActiveCfg = Debug|Any CPU
		{8D2F56C9-B4F6-CE37-EA77-FE44C760E50E}.Debug|Any CPU.Build.0 = Debug|Any CPU
		{8D2F56C9-B4F6-CE37-EA77-FE44C760E50E}.Release|Any CPU.ActiveCfg = Release|Any CPU
		{8D2F56C9-B4F6-CE37-EA77-FE44C760E50E}.Release|Any CPU.Build.0 = Release|Any CPU
		{E8D109CA-70EE-1BFA-02CC-8402C04A0259}.Debug|Any CPU.ActiveCfg = Debug|Any CPU
		{E8D109CA-70EE-1BFA-02CC-8402C04A0259}.Debug|Any CPU.Build.0 = Debug|Any CPU
		{E8D109CA-70EE-1BFA-02CC-8402C04A0259}.Release|Any CPU.ActiveCfg = Release|Any CPU
		{E8D109CA-70EE-1BFA-02CC-8402C04A0259}.Release|Any CPU.Build.0 = Release|Any CPU
		{A0F012B3-8865-904F-A039-18213125A068}.Debug|Any CPU.ActiveCfg = Debug|Any CPU
		{A0F012B3-8865-904F-A039-18213125A068}.Debug|Any CPU.Build.0 = Debug|Any CPU
		{A0F012B3-8865-904F-A039-18213125A068}.Release|Any CPU.ActiveCfg = Release|Any CPU
		{A0F012B3-8865-904F-A039-18213125A068}.Release|Any CPU.Build.0 = Release|Any CPU
		{5F5AF4F6-5FB4-02AD-2811-6F760FD56D6D}.Debug|Any CPU.ActiveCfg = Debug|Any CPU
		{5F5AF4F6-5FB4-02AD-2811-6F760FD56D6D}.Debug|Any CPU.Build.0 = Debug|Any CPU
		{5F5AF4F6-5FB4-02AD-2811-6F760FD56D6D}.Release|Any CPU.ActiveCfg = Release|Any CPU
		{5F5AF4F6-5FB4-02AD-2811-6F760FD56D6D}.Release|Any CPU.Build.0 = Release|Any CPU
		{8FCEC49E-A981-7333-795B-4F11964F53C3}.Debug|Any CPU.ActiveCfg = Debug|Any CPU
		{8FCEC49E-A981-7333-795B-4F11964F53C3}.Debug|Any CPU.Build.0 = Debug|Any CPU
		{8FCEC49E-A981-7333-795B-4F11964F53C3}.Release|Any CPU.ActiveCfg = Release|Any CPU
		{8FCEC49E-A981-7333-795B-4F11964F53C3}.Release|Any CPU.Build.0 = Release|Any CPU
		{FE2178E8-D48E-1251-60EB-24294A52489F}.Debug|Any CPU.ActiveCfg = Debug|Any CPU
		{FE2178E8-D48E-1251-60EB-24294A52489F}.Debug|Any CPU.Build.0 = Debug|Any CPU
		{FE2178E8-D48E-1251-60EB-24294A52489F}.Release|Any CPU.ActiveCfg = Release|Any CPU
		{FE2178E8-D48E-1251-60EB-24294A52489F}.Release|Any CPU.Build.0 = Release|Any CPU
		{9400DB13-0209-E207-AC60-9D8F085D863C}.Debug|Any CPU.ActiveCfg = Debug|Any CPU
		{9400DB13-0209-E207-AC60-9D8F085D863C}.Debug|Any CPU.Build.0 = Debug|Any CPU
		{9400DB13-0209-E207-AC60-9D8F085D863C}.Release|Any CPU.ActiveCfg = Release|Any CPU
		{9400DB13-0209-E207-AC60-9D8F085D863C}.Release|Any CPU.Build.0 = Release|Any CPU
		{8B0FD102-F910-0113-5DC8-C4BAAB142522}.Debug|Any CPU.ActiveCfg = Debug|Any CPU
		{8B0FD102-F910-0113-5DC8-C4BAAB142522}.Debug|Any CPU.Build.0 = Debug|Any CPU
		{8B0FD102-F910-0113-5DC8-C4BAAB142522}.Release|Any CPU.ActiveCfg = Release|Any CPU
		{8B0FD102-F910-0113-5DC8-C4BAAB142522}.Release|Any CPU.Build.0 = Release|Any CPU
		{06739749-BD58-119E-7DF4-2274F2BCC9E9}.Debug|Any CPU.ActiveCfg = Debug|Any CPU
		{06739749-BD58-119E-7DF4-2274F2BCC9E9}.Debug|Any CPU.Build.0 = Debug|Any CPU
		{06739749-BD58-119E-7DF4-2274F2BCC9E9}.Release|Any CPU.ActiveCfg = Release|Any CPU
		{06739749-BD58-119E-7DF4-2274F2BCC9E9}.Release|Any CPU.Build.0 = Release|Any CPU
		{5B5ED2B7-D7CE-0CC2-42F3-184D12411FE0}.Debug|Any CPU.ActiveCfg = Debug|Any CPU
		{5B5ED2B7-D7CE-0CC2-42F3-184D12411FE0}.Debug|Any CPU.Build.0 = Debug|Any CPU
		{5B5ED2B7-D7CE-0CC2-42F3-184D12411FE0}.Release|Any CPU.ActiveCfg = Release|Any CPU
		{5B5ED2B7-D7CE-0CC2-42F3-184D12411FE0}.Release|Any CPU.Build.0 = Release|Any CPU
		{51783694-725D-8DD1-F96B-1AE265ADD9AE}.Debug|Any CPU.ActiveCfg = Debug|Any CPU
		{51783694-725D-8DD1-F96B-1AE265ADD9AE}.Debug|Any CPU.Build.0 = Debug|Any CPU
		{51783694-725D-8DD1-F96B-1AE265ADD9AE}.Release|Any CPU.ActiveCfg = Release|Any CPU
		{51783694-725D-8DD1-F96B-1AE265ADD9AE}.Release|Any CPU.Build.0 = Release|Any CPU
		{8E3A4055-2CC8-D3D5-BF9A-0B934318D616}.Debug|Any CPU.ActiveCfg = Debug|Any CPU
		{8E3A4055-2CC8-D3D5-BF9A-0B934318D616}.Debug|Any CPU.Build.0 = Debug|Any CPU
		{8E3A4055-2CC8-D3D5-BF9A-0B934318D616}.Release|Any CPU.ActiveCfg = Release|Any CPU
		{8E3A4055-2CC8-D3D5-BF9A-0B934318D616}.Release|Any CPU.Build.0 = Release|Any CPU
		{37768270-9E83-AEEC-FE05-05D3352D71B3}.Debug|Any CPU.ActiveCfg = Debug|Any CPU
		{37768270-9E83-AEEC-FE05-05D3352D71B3}.Debug|Any CPU.Build.0 = Debug|Any CPU
		{37768270-9E83-AEEC-FE05-05D3352D71B3}.Release|Any CPU.ActiveCfg = Release|Any CPU
		{37768270-9E83-AEEC-FE05-05D3352D71B3}.Release|Any CPU.Build.0 = Release|Any CPU
		{DAE343F3-8924-E404-A7A3-6EB5321D8072}.Debug|Any CPU.ActiveCfg = Debug|Any CPU
		{DAE343F3-8924-E404-A7A3-6EB5321D8072}.Debug|Any CPU.Build.0 = Debug|Any CPU
		{DAE343F3-8924-E404-A7A3-6EB5321D8072}.Release|Any CPU.ActiveCfg = Release|Any CPU
		{DAE343F3-8924-E404-A7A3-6EB5321D8072}.Release|Any CPU.Build.0 = Release|Any CPU
		{9FABA635-8199-5111-5605-E3A3C389E77D}.Debug|Any CPU.ActiveCfg = Debug|Any CPU
		{9FABA635-8199-5111-5605-E3A3C389E77D}.Debug|Any CPU.Build.0 = Debug|Any CPU
		{9FABA635-8199-5111-5605-E3A3C389E77D}.Release|Any CPU.ActiveCfg = Release|Any CPU
		{9FABA635-8199-5111-5605-E3A3C389E77D}.Release|Any CPU.Build.0 = Release|Any CPU
		{100E5F40-D87C-11C4-C75B-4A503BF15E62}.Debug|Any CPU.ActiveCfg = Debug|Any CPU
		{100E5F40-D87C-11C4-C75B-4A503BF15E62}.Debug|Any CPU.Build.0 = Debug|Any CPU
		{100E5F40-D87C-11C4-C75B-4A503BF15E62}.Release|Any CPU.ActiveCfg = Release|Any CPU
		{100E5F40-D87C-11C4-C75B-4A503BF15E62}.Release|Any CPU.Build.0 = Release|Any CPU
		{5B0F8797-3FE6-D668-1B1D-92B9F3DF3218}.Debug|Any CPU.ActiveCfg = Debug|Any CPU
		{5B0F8797-3FE6-D668-1B1D-92B9F3DF3218}.Debug|Any CPU.Build.0 = Debug|Any CPU
		{5B0F8797-3FE6-D668-1B1D-92B9F3DF3218}.Release|Any CPU.ActiveCfg = Release|Any CPU
		{5B0F8797-3FE6-D668-1B1D-92B9F3DF3218}.Release|Any CPU.Build.0 = Release|Any CPU
		{B6587FDC-544C-32BB-7530-CE03A2334EF6}.Debug|Any CPU.ActiveCfg = Debug|Any CPU
		{B6587FDC-544C-32BB-7530-CE03A2334EF6}.Debug|Any CPU.Build.0 = Debug|Any CPU
		{B6587FDC-544C-32BB-7530-CE03A2334EF6}.Release|Any CPU.ActiveCfg = Release|Any CPU
		{B6587FDC-544C-32BB-7530-CE03A2334EF6}.Release|Any CPU.Build.0 = Release|Any CPU
	EndGlobalSection
	GlobalSection(SolutionProperties) = preSolution
		HideSolutionNode = FALSE
	EndGlobalSection
EndGlobal
